// !$*UTF8*$!
{
	archiveVersion = 1;
	classes = {
	};
	objectVersion = 46;
	objects = {

/* Begin PBXBuildFile section */
		A5717D511BC886940038244E /* main.m in Sources */ = {isa = PBXBuildFile; fileRef = A5717D501BC886940038244E /* main.m */; };
		A5717D541BC886940038244E /* AppDelegate.m in Sources */ = {isa = PBXBuildFile; fileRef = A5717D531BC886940038244E /* AppDelegate.m */; };
		A5717D571BC886940038244E /* ViewController.m in Sources */ = {isa = PBXBuildFile; fileRef = A5717D561BC886940038244E /* ViewController.m */; };
		A5717D5C1BC886940038244E /* Assets.xcassets in Resources */ = {isa = PBXBuildFile; fileRef = A5717D5B1BC886940038244E /* Assets.xcassets */; };
		A5717D5F1BC886940038244E /* LaunchScreen.storyboard in Resources */ = {isa = PBXBuildFile; fileRef = A5717D5D1BC886940038244E /* LaunchScreen.storyboard */; };
		A5717E211BC8CC620038244E /* libz.tbd in Frameworks */ = {isa = PBXBuildFile; fileRef = A5717E201BC8CC620038244E /* libz.tbd */; };
		A5717E231BCAAA0B0038244E /* california.zip in Resources */ = {isa = PBXBuildFile; fileRef = A5717E221BCAAA0B0038244E /* california.zip */; settings = {ASSET_TAGS = (); }; };
		A5717E251BCC5ACF0038244E /* san_jose.jpg in Resources */ = {isa = PBXBuildFile; fileRef = A5717E241BCC5ACF0038244E /* san_jose.jpg */; settings = {ASSET_TAGS = (); }; };
		A5717E271BCC68630038244E /* sacramento_new_img.jpg in Resources */ = {isa = PBXBuildFile; fileRef = A5717E261BCC68630038244E /* sacramento_new_img.jpg */; settings = {ASSET_TAGS = (); }; };
		A5717E911BCC742B0038244E /* ACZip.m in Sources */ = {isa = PBXBuildFile; fileRef = A5717E301BCC742B0038244E /* ACZip.m */; settings = {ASSET_TAGS = (); }; };
		A5717E921BCC742B0038244E /* ACZippedFileInfo.m in Sources */ = {isa = PBXBuildFile; fileRef = A5717E331BCC742B0038244E /* ACZippedFileInfo.m */; settings = {ASSET_TAGS = (); }; };
		A5717E931BCC742B0038244E /* mkstemp.c in Sources */ = {isa = PBXBuildFile; fileRef = A5717E381BCC742B0038244E /* mkstemp.c */; settings = {ASSET_TAGS = (); }; };
		A5717E941BCC742B0038244E /* zip_add.c in Sources */ = {isa = PBXBuildFile; fileRef = A5717E3A1BCC742B0038244E /* zip_add.c */; settings = {ASSET_TAGS = (); }; };
		A5717E951BCC742B0038244E /* zip_add_dir.c in Sources */ = {isa = PBXBuildFile; fileRef = A5717E3B1BCC742B0038244E /* zip_add_dir.c */; settings = {ASSET_TAGS = (); }; };
		A5717E961BCC742B0038244E /* zip_add_entry.c in Sources */ = {isa = PBXBuildFile; fileRef = A5717E3C1BCC742B0038244E /* zip_add_entry.c */; settings = {ASSET_TAGS = (); }; };
		A5717E971BCC742B0038244E /* zip_close.c in Sources */ = {isa = PBXBuildFile; fileRef = A5717E3D1BCC742B0038244E /* zip_close.c */; settings = {ASSET_TAGS = (); }; };
		A5717E981BCC742B0038244E /* zip_delete.c in Sources */ = {isa = PBXBuildFile; fileRef = A5717E3E1BCC742B0038244E /* zip_delete.c */; settings = {ASSET_TAGS = (); }; };
		A5717E991BCC742B0038244E /* zip_dir_add.c in Sources */ = {isa = PBXBuildFile; fileRef = A5717E3F1BCC742B0038244E /* zip_dir_add.c */; settings = {ASSET_TAGS = (); }; };
		A5717E9A1BCC742B0038244E /* zip_dirent.c in Sources */ = {isa = PBXBuildFile; fileRef = A5717E401BCC742B0038244E /* zip_dirent.c */; settings = {ASSET_TAGS = (); }; };
		A5717E9B1BCC742B0038244E /* zip_discard.c in Sources */ = {isa = PBXBuildFile; fileRef = A5717E411BCC742B0038244E /* zip_discard.c */; settings = {ASSET_TAGS = (); }; };
		A5717E9C1BCC742B0038244E /* zip_entry.c in Sources */ = {isa = PBXBuildFile; fileRef = A5717E421BCC742B0038244E /* zip_entry.c */; settings = {ASSET_TAGS = (); }; };
		A5717E9D1BCC742B0038244E /* zip_err_str.c in Sources */ = {isa = PBXBuildFile; fileRef = A5717E431BCC742B0038244E /* zip_err_str.c */; settings = {ASSET_TAGS = (); }; };
		A5717E9E1BCC742B0038244E /* zip_error.c in Sources */ = {isa = PBXBuildFile; fileRef = A5717E441BCC742B0038244E /* zip_error.c */; settings = {ASSET_TAGS = (); }; };
		A5717E9F1BCC742B0038244E /* zip_error_clear.c in Sources */ = {isa = PBXBuildFile; fileRef = A5717E451BCC742B0038244E /* zip_error_clear.c */; settings = {ASSET_TAGS = (); }; };
		A5717EA01BCC742B0038244E /* zip_error_get.c in Sources */ = {isa = PBXBuildFile; fileRef = A5717E461BCC742B0038244E /* zip_error_get.c */; settings = {ASSET_TAGS = (); }; };
		A5717EA11BCC742B0038244E /* zip_error_get_sys_type.c in Sources */ = {isa = PBXBuildFile; fileRef = A5717E471BCC742B0038244E /* zip_error_get_sys_type.c */; settings = {ASSET_TAGS = (); }; };
		A5717EA21BCC742B0038244E /* zip_error_strerror.c in Sources */ = {isa = PBXBuildFile; fileRef = A5717E481BCC742B0038244E /* zip_error_strerror.c */; settings = {ASSET_TAGS = (); }; };
		A5717EA31BCC742B0038244E /* zip_error_to_str.c in Sources */ = {isa = PBXBuildFile; fileRef = A5717E491BCC742B0038244E /* zip_error_to_str.c */; settings = {ASSET_TAGS = (); }; };
		A5717EA41BCC742B0038244E /* zip_extra_field.c in Sources */ = {isa = PBXBuildFile; fileRef = A5717E4A1BCC742B0038244E /* zip_extra_field.c */; settings = {ASSET_TAGS = (); }; };
		A5717EA51BCC742B0038244E /* zip_extra_field_api.c in Sources */ = {isa = PBXBuildFile; fileRef = A5717E4B1BCC742B0038244E /* zip_extra_field_api.c */; settings = {ASSET_TAGS = (); }; };
		A5717EA61BCC742B0038244E /* zip_fclose.c in Sources */ = {isa = PBXBuildFile; fileRef = A5717E4C1BCC742B0038244E /* zip_fclose.c */; settings = {ASSET_TAGS = (); }; };
		A5717EA71BCC742B0038244E /* zip_fdopen.c in Sources */ = {isa = PBXBuildFile; fileRef = A5717E4D1BCC742B0038244E /* zip_fdopen.c */; settings = {ASSET_TAGS = (); }; };
		A5717EA81BCC742B0038244E /* zip_file_add.c in Sources */ = {isa = PBXBuildFile; fileRef = A5717E4E1BCC742B0038244E /* zip_file_add.c */; settings = {ASSET_TAGS = (); }; };
		A5717EA91BCC742B0038244E /* zip_file_error_clear.c in Sources */ = {isa = PBXBuildFile; fileRef = A5717E4F1BCC742B0038244E /* zip_file_error_clear.c */; settings = {ASSET_TAGS = (); }; };
		A5717EAA1BCC742B0038244E /* zip_file_error_get.c in Sources */ = {isa = PBXBuildFile; fileRef = A5717E501BCC742B0038244E /* zip_file_error_get.c */; settings = {ASSET_TAGS = (); }; };
		A5717EAB1BCC742B0038244E /* zip_file_get_comment.c in Sources */ = {isa = PBXBuildFile; fileRef = A5717E511BCC742B0038244E /* zip_file_get_comment.c */; settings = {ASSET_TAGS = (); }; };
		A5717EAC1BCC742B0038244E /* zip_file_get_offset.c in Sources */ = {isa = PBXBuildFile; fileRef = A5717E521BCC742B0038244E /* zip_file_get_offset.c */; settings = {ASSET_TAGS = (); }; };
		A5717EAD1BCC742B0038244E /* zip_file_rename.c in Sources */ = {isa = PBXBuildFile; fileRef = A5717E531BCC742B0038244E /* zip_file_rename.c */; settings = {ASSET_TAGS = (); }; };
		A5717EAE1BCC742B0038244E /* zip_file_replace.c in Sources */ = {isa = PBXBuildFile; fileRef = A5717E541BCC742B0038244E /* zip_file_replace.c */; settings = {ASSET_TAGS = (); }; };
		A5717EAF1BCC742B0038244E /* zip_file_set_comment.c in Sources */ = {isa = PBXBuildFile; fileRef = A5717E551BCC742B0038244E /* zip_file_set_comment.c */; settings = {ASSET_TAGS = (); }; };
		A5717EB01BCC742B0038244E /* zip_file_strerror.c in Sources */ = {isa = PBXBuildFile; fileRef = A5717E561BCC742B0038244E /* zip_file_strerror.c */; settings = {ASSET_TAGS = (); }; };
		A5717EB11BCC742B0038244E /* zip_filerange_crc.c in Sources */ = {isa = PBXBuildFile; fileRef = A5717E571BCC742B0038244E /* zip_filerange_crc.c */; settings = {ASSET_TAGS = (); }; };
		A5717EB21BCC742B0038244E /* zip_fopen.c in Sources */ = {isa = PBXBuildFile; fileRef = A5717E581BCC742B0038244E /* zip_fopen.c */; settings = {ASSET_TAGS = (); }; };
		A5717EB31BCC742B0038244E /* zip_fopen_encrypted.c in Sources */ = {isa = PBXBuildFile; fileRef = A5717E591BCC742B0038244E /* zip_fopen_encrypted.c */; settings = {ASSET_TAGS = (); }; };
		A5717EB41BCC742B0038244E /* zip_fopen_index.c in Sources */ = {isa = PBXBuildFile; fileRef = A5717E5A1BCC742B0038244E /* zip_fopen_index.c */; settings = {ASSET_TAGS = (); }; };
		A5717EB51BCC742B0038244E /* zip_fopen_index_encrypted.c in Sources */ = {isa = PBXBuildFile; fileRef = A5717E5B1BCC742B0038244E /* zip_fopen_index_encrypted.c */; settings = {ASSET_TAGS = (); }; };
		A5717EB61BCC742B0038244E /* zip_fread.c in Sources */ = {isa = PBXBuildFile; fileRef = A5717E5C1BCC742B0038244E /* zip_fread.c */; settings = {ASSET_TAGS = (); }; };
		A5717EB71BCC742B0038244E /* zip_get_archive_comment.c in Sources */ = {isa = PBXBuildFile; fileRef = A5717E5D1BCC742B0038244E /* zip_get_archive_comment.c */; settings = {ASSET_TAGS = (); }; };
		A5717EB81BCC742B0038244E /* zip_get_archive_flag.c in Sources */ = {isa = PBXBuildFile; fileRef = A5717E5E1BCC742B0038244E /* zip_get_archive_flag.c */; settings = {ASSET_TAGS = (); }; };
		A5717EB91BCC742B0038244E /* zip_get_compression_implementation.c in Sources */ = {isa = PBXBuildFile; fileRef = A5717E5F1BCC742B0038244E /* zip_get_compression_implementation.c */; settings = {ASSET_TAGS = (); }; };
		A5717EBA1BCC742B0038244E /* zip_get_encryption_implementation.c in Sources */ = {isa = PBXBuildFile; fileRef = A5717E601BCC742B0038244E /* zip_get_encryption_implementation.c */; settings = {ASSET_TAGS = (); }; };
		A5717EBB1BCC742B0038244E /* zip_get_file_comment.c in Sources */ = {isa = PBXBuildFile; fileRef = A5717E611BCC742B0038244E /* zip_get_file_comment.c */; settings = {ASSET_TAGS = (); }; };
		A5717EBC1BCC742B0038244E /* zip_get_name.c in Sources */ = {isa = PBXBuildFile; fileRef = A5717E621BCC742B0038244E /* zip_get_name.c */; settings = {ASSET_TAGS = (); }; };
		A5717EBD1BCC742B0038244E /* zip_get_num_entries.c in Sources */ = {isa = PBXBuildFile; fileRef = A5717E631BCC742B0038244E /* zip_get_num_entries.c */; settings = {ASSET_TAGS = (); }; };
		A5717EBE1BCC742B0038244E /* zip_get_num_files.c in Sources */ = {isa = PBXBuildFile; fileRef = A5717E641BCC742B0038244E /* zip_get_num_files.c */; settings = {ASSET_TAGS = (); }; };
		A5717EBF1BCC742B0038244E /* zip_memdup.c in Sources */ = {isa = PBXBuildFile; fileRef = A5717E651BCC742B0038244E /* zip_memdup.c */; settings = {ASSET_TAGS = (); }; };
		A5717EC01BCC742B0038244E /* zip_name_locate.c in Sources */ = {isa = PBXBuildFile; fileRef = A5717E661BCC742B0038244E /* zip_name_locate.c */; settings = {ASSET_TAGS = (); }; };
		A5717EC11BCC742B0038244E /* zip_new.c in Sources */ = {isa = PBXBuildFile; fileRef = A5717E671BCC742B0038244E /* zip_new.c */; settings = {ASSET_TAGS = (); }; };
		A5717EC21BCC742B0038244E /* zip_open.c in Sources */ = {isa = PBXBuildFile; fileRef = A5717E681BCC742B0038244E /* zip_open.c */; settings = {ASSET_TAGS = (); }; };
		A5717EC31BCC742B0038244E /* zip_rename.c in Sources */ = {isa = PBXBuildFile; fileRef = A5717E691BCC742B0038244E /* zip_rename.c */; settings = {ASSET_TAGS = (); }; };
		A5717EC41BCC742B0038244E /* zip_replace.c in Sources */ = {isa = PBXBuildFile; fileRef = A5717E6A1BCC742B0038244E /* zip_replace.c */; settings = {ASSET_TAGS = (); }; };
		A5717EC51BCC742B0038244E /* zip_set_archive_comment.c in Sources */ = {isa = PBXBuildFile; fileRef = A5717E6B1BCC742B0038244E /* zip_set_archive_comment.c */; settings = {ASSET_TAGS = (); }; };
		A5717EC61BCC742B0038244E /* zip_set_archive_flag.c in Sources */ = {isa = PBXBuildFile; fileRef = A5717E6C1BCC742B0038244E /* zip_set_archive_flag.c */; settings = {ASSET_TAGS = (); }; };
		A5717EC71BCC742B0038244E /* zip_set_default_password.c in Sources */ = {isa = PBXBuildFile; fileRef = A5717E6D1BCC742B0038244E /* zip_set_default_password.c */; settings = {ASSET_TAGS = (); }; };
		A5717EC81BCC742B0038244E /* zip_set_file_comment.c in Sources */ = {isa = PBXBuildFile; fileRef = A5717E6E1BCC742B0038244E /* zip_set_file_comment.c */; settings = {ASSET_TAGS = (); }; };
		A5717EC91BCC742B0038244E /* zip_set_file_compression.c in Sources */ = {isa = PBXBuildFile; fileRef = A5717E6F1BCC742B0038244E /* zip_set_file_compression.c */; settings = {ASSET_TAGS = (); }; };
		A5717ECA1BCC742B0038244E /* zip_set_name.c in Sources */ = {isa = PBXBuildFile; fileRef = A5717E701BCC742B0038244E /* zip_set_name.c */; settings = {ASSET_TAGS = (); }; };
		A5717ECB1BCC742B0038244E /* zip_source_buffer.c in Sources */ = {isa = PBXBuildFile; fileRef = A5717E711BCC742B0038244E /* zip_source_buffer.c */; settings = {ASSET_TAGS = (); }; };
		A5717ECC1BCC742B0038244E /* zip_source_close.c in Sources */ = {isa = PBXBuildFile; fileRef = A5717E721BCC742B0038244E /* zip_source_close.c */; settings = {ASSET_TAGS = (); }; };
		A5717ECD1BCC742B0038244E /* zip_source_crc.c in Sources */ = {isa = PBXBuildFile; fileRef = A5717E731BCC742B0038244E /* zip_source_crc.c */; settings = {ASSET_TAGS = (); }; };
		A5717ECE1BCC742B0038244E /* zip_source_deflate.c in Sources */ = {isa = PBXBuildFile; fileRef = A5717E741BCC742B0038244E /* zip_source_deflate.c */; settings = {ASSET_TAGS = (); }; };
		A5717ECF1BCC742B0038244E /* zip_source_error.c in Sources */ = {isa = PBXBuildFile; fileRef = A5717E751BCC742B0038244E /* zip_source_error.c */; settings = {ASSET_TAGS = (); }; };
		A5717ED01BCC742B0038244E /* zip_source_file.c in Sources */ = {isa = PBXBuildFile; fileRef = A5717E761BCC742B0038244E /* zip_source_file.c */; settings = {ASSET_TAGS = (); }; };
		A5717ED11BCC742B0038244E /* zip_source_filep.c in Sources */ = {isa = PBXBuildFile; fileRef = A5717E771BCC742B0038244E /* zip_source_filep.c */; settings = {ASSET_TAGS = (); }; };
		A5717ED21BCC742B0038244E /* zip_source_free.c in Sources */ = {isa = PBXBuildFile; fileRef = A5717E781BCC742B0038244E /* zip_source_free.c */; settings = {ASSET_TAGS = (); }; };
		A5717ED31BCC742B0038244E /* zip_source_function.c in Sources */ = {isa = PBXBuildFile; fileRef = A5717E791BCC742B0038244E /* zip_source_function.c */; settings = {ASSET_TAGS = (); }; };
		A5717ED41BCC742B0038244E /* zip_source_layered.c in Sources */ = {isa = PBXBuildFile; fileRef = A5717E7A1BCC742B0038244E /* zip_source_layered.c */; settings = {ASSET_TAGS = (); }; };
		A5717ED51BCC742B0038244E /* zip_source_open.c in Sources */ = {isa = PBXBuildFile; fileRef = A5717E7B1BCC742B0038244E /* zip_source_open.c */; settings = {ASSET_TAGS = (); }; };
		A5717ED61BCC742B0038244E /* zip_source_pkware.c in Sources */ = {isa = PBXBuildFile; fileRef = A5717E7C1BCC742B0038244E /* zip_source_pkware.c */; settings = {ASSET_TAGS = (); }; };
		A5717ED71BCC742B0038244E /* zip_source_pop.c in Sources */ = {isa = PBXBuildFile; fileRef = A5717E7D1BCC742B0038244E /* zip_source_pop.c */; settings = {ASSET_TAGS = (); }; };
		A5717ED81BCC742B0038244E /* zip_source_read.c in Sources */ = {isa = PBXBuildFile; fileRef = A5717E7E1BCC742B0038244E /* zip_source_read.c */; settings = {ASSET_TAGS = (); }; };
		A5717ED91BCC742B0038244E /* zip_source_stat.c in Sources */ = {isa = PBXBuildFile; fileRef = A5717E7F1BCC742B0038244E /* zip_source_stat.c */; settings = {ASSET_TAGS = (); }; };
		A5717EDA1BCC742B0038244E /* zip_source_window.c in Sources */ = {isa = PBXBuildFile; fileRef = A5717E801BCC742B0038244E /* zip_source_window.c */; settings = {ASSET_TAGS = (); }; };
		A5717EDB1BCC742B0038244E /* zip_source_zip.c in Sources */ = {isa = PBXBuildFile; fileRef = A5717E811BCC742B0038244E /* zip_source_zip.c */; settings = {ASSET_TAGS = (); }; };
		A5717EDC1BCC742B0038244E /* zip_source_zip_new.c in Sources */ = {isa = PBXBuildFile; fileRef = A5717E821BCC742B0038244E /* zip_source_zip_new.c */; settings = {ASSET_TAGS = (); }; };
		A5717EDD1BCC742B0038244E /* zip_stat.c in Sources */ = {isa = PBXBuildFile; fileRef = A5717E831BCC742B0038244E /* zip_stat.c */; settings = {ASSET_TAGS = (); }; };
		A5717EDE1BCC742B0038244E /* zip_stat_index.c in Sources */ = {isa = PBXBuildFile; fileRef = A5717E841BCC742B0038244E /* zip_stat_index.c */; settings = {ASSET_TAGS = (); }; };
		A5717EDF1BCC742B0038244E /* zip_stat_init.c in Sources */ = {isa = PBXBuildFile; fileRef = A5717E851BCC742B0038244E /* zip_stat_init.c */; settings = {ASSET_TAGS = (); }; };
		A5717EE01BCC742B0038244E /* zip_strerror.c in Sources */ = {isa = PBXBuildFile; fileRef = A5717E861BCC742B0038244E /* zip_strerror.c */; settings = {ASSET_TAGS = (); }; };
		A5717EE11BCC742B0038244E /* zip_string.c in Sources */ = {isa = PBXBuildFile; fileRef = A5717E871BCC742B0038244E /* zip_string.c */; settings = {ASSET_TAGS = (); }; };
		A5717EE21BCC742B0038244E /* zip_unchange.c in Sources */ = {isa = PBXBuildFile; fileRef = A5717E881BCC742B0038244E /* zip_unchange.c */; settings = {ASSET_TAGS = (); }; };
		A5717EE31BCC742B0038244E /* zip_unchange_all.c in Sources */ = {isa = PBXBuildFile; fileRef = A5717E891BCC742B0038244E /* zip_unchange_all.c */; settings = {ASSET_TAGS = (); }; };
		A5717EE41BCC742B0038244E /* zip_unchange_archive.c in Sources */ = {isa = PBXBuildFile; fileRef = A5717E8A1BCC742B0038244E /* zip_unchange_archive.c */; settings = {ASSET_TAGS = (); }; };
		A5717EE51BCC742B0038244E /* zip_unchange_data.c in Sources */ = {isa = PBXBuildFile; fileRef = A5717E8B1BCC742B0038244E /* zip_unchange_data.c */; settings = {ASSET_TAGS = (); }; };
		A5717EE61BCC742B0038244E /* zip_utf-8.c in Sources */ = {isa = PBXBuildFile; fileRef = A5717E8C1BCC742B0038244E /* zip_utf-8.c */; settings = {ASSET_TAGS = (); }; };
/* End PBXBuildFile section */

/* Begin PBXFileReference section */
		A5717D4C1BC886940038244E /* ACZipExample.app */ = {isa = PBXFileReference; explicitFileType = wrapper.application; includeInIndex = 0; path = ACZipExample.app; sourceTree = BUILT_PRODUCTS_DIR; };
		A5717D501BC886940038244E /* main.m */ = {isa = PBXFileReference; lastKnownFileType = sourcecode.c.objc; path = main.m; sourceTree = "<group>"; };
		A5717D521BC886940038244E /* AppDelegate.h */ = {isa = PBXFileReference; lastKnownFileType = sourcecode.c.h; path = AppDelegate.h; sourceTree = "<group>"; };
		A5717D531BC886940038244E /* AppDelegate.m */ = {isa = PBXFileReference; lastKnownFileType = sourcecode.c.objc; path = AppDelegate.m; sourceTree = "<group>"; };
		A5717D551BC886940038244E /* ViewController.h */ = {isa = PBXFileReference; lastKnownFileType = sourcecode.c.h; path = ViewController.h; sourceTree = "<group>"; };
		A5717D561BC886940038244E /* ViewController.m */ = {isa = PBXFileReference; lastKnownFileType = sourcecode.c.objc; path = ViewController.m; sourceTree = "<group>"; };
		A5717D5B1BC886940038244E /* Assets.xcassets */ = {isa = PBXFileReference; lastKnownFileType = folder.assetcatalog; path = Assets.xcassets; sourceTree = "<group>"; };
		A5717D5E1BC886940038244E /* Base */ = {isa = PBXFileReference; lastKnownFileType = file.storyboard; name = Base; path = Base.lproj/LaunchScreen.storyboard; sourceTree = "<group>"; };
		A5717D601BC886940038244E /* Info.plist */ = {isa = PBXFileReference; lastKnownFileType = text.plist.xml; path = Info.plist; sourceTree = "<group>"; };
		A5717E201BC8CC620038244E /* libz.tbd */ = {isa = PBXFileReference; lastKnownFileType = "sourcecode.text-based-dylib-definition"; name = libz.tbd; path = usr/lib/libz.tbd; sourceTree = SDKROOT; };
		A5717E221BCAAA0B0038244E /* california.zip */ = {isa = PBXFileReference; lastKnownFileType = archive.zip; path = california.zip; sourceTree = "<group>"; };
		A5717E241BCC5ACF0038244E /* san_jose.jpg */ = {isa = PBXFileReference; lastKnownFileType = image.jpeg; path = san_jose.jpg; sourceTree = "<group>"; };
		A5717E261BCC68630038244E /* sacramento_new_img.jpg */ = {isa = PBXFileReference; lastKnownFileType = image.jpeg; path = sacramento_new_img.jpg; sourceTree = "<group>"; };
		A5717E2F1BCC742B0038244E /* ACZip.h */ = {isa = PBXFileReference; fileEncoding = 4; lastKnownFileType = sourcecode.c.h; path = ACZip.h; sourceTree = "<group>"; };
		A5717E301BCC742B0038244E /* ACZip.m */ = {isa = PBXFileReference; fileEncoding = 4; lastKnownFileType = sourcecode.c.objc; path = ACZip.m; sourceTree = "<group>"; };
		A5717E311BCC742B0038244E /* ACZipDefs.h */ = {isa = PBXFileReference; fileEncoding = 4; lastKnownFileType = sourcecode.c.h; path = ACZipDefs.h; sourceTree = "<group>"; };
		A5717E321BCC742B0038244E /* ACZippedFileInfo.h */ = {isa = PBXFileReference; fileEncoding = 4; lastKnownFileType = sourcecode.c.h; path = ACZippedFileInfo.h; sourceTree = "<group>"; };
		A5717E331BCC742B0038244E /* ACZippedFileInfo.m */ = {isa = PBXFileReference; fileEncoding = 4; lastKnownFileType = sourcecode.c.objc; path = ACZippedFileInfo.m; sourceTree = "<group>"; };
		A5717E351BCC742B0038244E /* ARCHelper.h */ = {isa = PBXFileReference; fileEncoding = 4; lastKnownFileType = sourcecode.c.h; path = ARCHelper.h; sourceTree = "<group>"; };
		A5717E371BCC742B0038244E /* config.h */ = {isa = PBXFileReference; fileEncoding = 4; lastKnownFileType = sourcecode.c.h; path = config.h; sourceTree = "<group>"; };
		A5717E381BCC742B0038244E /* mkstemp.c */ = {isa = PBXFileReference; fileEncoding = 4; lastKnownFileType = sourcecode.c.c; path = mkstemp.c; sourceTree = "<group>"; };
		A5717E391BCC742B0038244E /* zip.h */ = {isa = PBXFileReference; fileEncoding = 4; lastKnownFileType = sourcecode.c.h; path = zip.h; sourceTree = "<group>"; };
		A5717E3A1BCC742B0038244E /* zip_add.c */ = {isa = PBXFileReference; fileEncoding = 4; lastKnownFileType = sourcecode.c.c; path = zip_add.c; sourceTree = "<group>"; };
		A5717E3B1BCC742B0038244E /* zip_add_dir.c */ = {isa = PBXFileReference; fileEncoding = 4; lastKnownFileType = sourcecode.c.c; path = zip_add_dir.c; sourceTree = "<group>"; };
		A5717E3C1BCC742B0038244E /* zip_add_entry.c */ = {isa = PBXFileReference; fileEncoding = 4; lastKnownFileType = sourcecode.c.c; path = zip_add_entry.c; sourceTree = "<group>"; };
		A5717E3D1BCC742B0038244E /* zip_close.c */ = {isa = PBXFileReference; fileEncoding = 4; lastKnownFileType = sourcecode.c.c; path = zip_close.c; sourceTree = "<group>"; };
		A5717E3E1BCC742B0038244E /* zip_delete.c */ = {isa = PBXFileReference; fileEncoding = 4; lastKnownFileType = sourcecode.c.c; path = zip_delete.c; sourceTree = "<group>"; };
		A5717E3F1BCC742B0038244E /* zip_dir_add.c */ = {isa = PBXFileReference; fileEncoding = 4; lastKnownFileType = sourcecode.c.c; path = zip_dir_add.c; sourceTree = "<group>"; };
		A5717E401BCC742B0038244E /* zip_dirent.c */ = {isa = PBXFileReference; fileEncoding = 4; lastKnownFileType = sourcecode.c.c; path = zip_dirent.c; sourceTree = "<group>"; };
		A5717E411BCC742B0038244E /* zip_discard.c */ = {isa = PBXFileReference; fileEncoding = 4; lastKnownFileType = sourcecode.c.c; path = zip_discard.c; sourceTree = "<group>"; };
		A5717E421BCC742B0038244E /* zip_entry.c */ = {isa = PBXFileReference; fileEncoding = 4; lastKnownFileType = sourcecode.c.c; path = zip_entry.c; sourceTree = "<group>"; };
		A5717E431BCC742B0038244E /* zip_err_str.c */ = {isa = PBXFileReference; fileEncoding = 4; lastKnownFileType = sourcecode.c.c; path = zip_err_str.c; sourceTree = "<group>"; };
		A5717E441BCC742B0038244E /* zip_error.c */ = {isa = PBXFileReference; fileEncoding = 4; lastKnownFileType = sourcecode.c.c; path = zip_error.c; sourceTree = "<group>"; };
		A5717E451BCC742B0038244E /* zip_error_clear.c */ = {isa = PBXFileReference; fileEncoding = 4; lastKnownFileType = sourcecode.c.c; path = zip_error_clear.c; sourceTree = "<group>"; };
		A5717E461BCC742B0038244E /* zip_error_get.c */ = {isa = PBXFileReference; fileEncoding = 4; lastKnownFileType = sourcecode.c.c; path = zip_error_get.c; sourceTree = "<group>"; };
		A5717E471BCC742B0038244E /* zip_error_get_sys_type.c */ = {isa = PBXFileReference; fileEncoding = 4; lastKnownFileType = sourcecode.c.c; path = zip_error_get_sys_type.c; sourceTree = "<group>"; };
		A5717E481BCC742B0038244E /* zip_error_strerror.c */ = {isa = PBXFileReference; fileEncoding = 4; lastKnownFileType = sourcecode.c.c; path = zip_error_strerror.c; sourceTree = "<group>"; };
		A5717E491BCC742B0038244E /* zip_error_to_str.c */ = {isa = PBXFileReference; fileEncoding = 4; lastKnownFileType = sourcecode.c.c; path = zip_error_to_str.c; sourceTree = "<group>"; };
		A5717E4A1BCC742B0038244E /* zip_extra_field.c */ = {isa = PBXFileReference; fileEncoding = 4; lastKnownFileType = sourcecode.c.c; path = zip_extra_field.c; sourceTree = "<group>"; };
		A5717E4B1BCC742B0038244E /* zip_extra_field_api.c */ = {isa = PBXFileReference; fileEncoding = 4; lastKnownFileType = sourcecode.c.c; path = zip_extra_field_api.c; sourceTree = "<group>"; };
		A5717E4C1BCC742B0038244E /* zip_fclose.c */ = {isa = PBXFileReference; fileEncoding = 4; lastKnownFileType = sourcecode.c.c; path = zip_fclose.c; sourceTree = "<group>"; };
		A5717E4D1BCC742B0038244E /* zip_fdopen.c */ = {isa = PBXFileReference; fileEncoding = 4; lastKnownFileType = sourcecode.c.c; path = zip_fdopen.c; sourceTree = "<group>"; };
		A5717E4E1BCC742B0038244E /* zip_file_add.c */ = {isa = PBXFileReference; fileEncoding = 4; lastKnownFileType = sourcecode.c.c; path = zip_file_add.c; sourceTree = "<group>"; };
		A5717E4F1BCC742B0038244E /* zip_file_error_clear.c */ = {isa = PBXFileReference; fileEncoding = 4; lastKnownFileType = sourcecode.c.c; path = zip_file_error_clear.c; sourceTree = "<group>"; };
		A5717E501BCC742B0038244E /* zip_file_error_get.c */ = {isa = PBXFileReference; fileEncoding = 4; lastKnownFileType = sourcecode.c.c; path = zip_file_error_get.c; sourceTree = "<group>"; };
		A5717E511BCC742B0038244E /* zip_file_get_comment.c */ = {isa = PBXFileReference; fileEncoding = 4; lastKnownFileType = sourcecode.c.c; path = zip_file_get_comment.c; sourceTree = "<group>"; };
		A5717E521BCC742B0038244E /* zip_file_get_offset.c */ = {isa = PBXFileReference; fileEncoding = 4; lastKnownFileType = sourcecode.c.c; path = zip_file_get_offset.c; sourceTree = "<group>"; };
		A5717E531BCC742B0038244E /* zip_file_rename.c */ = {isa = PBXFileReference; fileEncoding = 4; lastKnownFileType = sourcecode.c.c; path = zip_file_rename.c; sourceTree = "<group>"; };
		A5717E541BCC742B0038244E /* zip_file_replace.c */ = {isa = PBXFileReference; fileEncoding = 4; lastKnownFileType = sourcecode.c.c; path = zip_file_replace.c; sourceTree = "<group>"; };
		A5717E551BCC742B0038244E /* zip_file_set_comment.c */ = {isa = PBXFileReference; fileEncoding = 4; lastKnownFileType = sourcecode.c.c; path = zip_file_set_comment.c; sourceTree = "<group>"; };
		A5717E561BCC742B0038244E /* zip_file_strerror.c */ = {isa = PBXFileReference; fileEncoding = 4; lastKnownFileType = sourcecode.c.c; path = zip_file_strerror.c; sourceTree = "<group>"; };
		A5717E571BCC742B0038244E /* zip_filerange_crc.c */ = {isa = PBXFileReference; fileEncoding = 4; lastKnownFileType = sourcecode.c.c; path = zip_filerange_crc.c; sourceTree = "<group>"; };
		A5717E581BCC742B0038244E /* zip_fopen.c */ = {isa = PBXFileReference; fileEncoding = 4; lastKnownFileType = sourcecode.c.c; path = zip_fopen.c; sourceTree = "<group>"; };
		A5717E591BCC742B0038244E /* zip_fopen_encrypted.c */ = {isa = PBXFileReference; fileEncoding = 4; lastKnownFileType = sourcecode.c.c; path = zip_fopen_encrypted.c; sourceTree = "<group>"; };
		A5717E5A1BCC742B0038244E /* zip_fopen_index.c */ = {isa = PBXFileReference; fileEncoding = 4; lastKnownFileType = sourcecode.c.c; path = zip_fopen_index.c; sourceTree = "<group>"; };
		A5717E5B1BCC742B0038244E /* zip_fopen_index_encrypted.c */ = {isa = PBXFileReference; fileEncoding = 4; lastKnownFileType = sourcecode.c.c; path = zip_fopen_index_encrypted.c; sourceTree = "<group>"; };
		A5717E5C1BCC742B0038244E /* zip_fread.c */ = {isa = PBXFileReference; fileEncoding = 4; lastKnownFileType = sourcecode.c.c; path = zip_fread.c; sourceTree = "<group>"; };
		A5717E5D1BCC742B0038244E /* zip_get_archive_comment.c */ = {isa = PBXFileReference; fileEncoding = 4; lastKnownFileType = sourcecode.c.c; path = zip_get_archive_comment.c; sourceTree = "<group>"; };
		A5717E5E1BCC742B0038244E /* zip_get_archive_flag.c */ = {isa = PBXFileReference; fileEncoding = 4; lastKnownFileType = sourcecode.c.c; path = zip_get_archive_flag.c; sourceTree = "<group>"; };
		A5717E5F1BCC742B0038244E /* zip_get_compression_implementation.c */ = {isa = PBXFileReference; fileEncoding = 4; lastKnownFileType = sourcecode.c.c; path = zip_get_compression_implementation.c; sourceTree = "<group>"; };
		A5717E601BCC742B0038244E /* zip_get_encryption_implementation.c */ = {isa = PBXFileReference; fileEncoding = 4; lastKnownFileType = sourcecode.c.c; path = zip_get_encryption_implementation.c; sourceTree = "<group>"; };
		A5717E611BCC742B0038244E /* zip_get_file_comment.c */ = {isa = PBXFileReference; fileEncoding = 4; lastKnownFileType = sourcecode.c.c; path = zip_get_file_comment.c; sourceTree = "<group>"; };
		A5717E621BCC742B0038244E /* zip_get_name.c */ = {isa = PBXFileReference; fileEncoding = 4; lastKnownFileType = sourcecode.c.c; path = zip_get_name.c; sourceTree = "<group>"; };
		A5717E631BCC742B0038244E /* zip_get_num_entries.c */ = {isa = PBXFileReference; fileEncoding = 4; lastKnownFileType = sourcecode.c.c; path = zip_get_num_entries.c; sourceTree = "<group>"; };
		A5717E641BCC742B0038244E /* zip_get_num_files.c */ = {isa = PBXFileReference; fileEncoding = 4; lastKnownFileType = sourcecode.c.c; path = zip_get_num_files.c; sourceTree = "<group>"; };
		A5717E651BCC742B0038244E /* zip_memdup.c */ = {isa = PBXFileReference; fileEncoding = 4; lastKnownFileType = sourcecode.c.c; path = zip_memdup.c; sourceTree = "<group>"; };
		A5717E661BCC742B0038244E /* zip_name_locate.c */ = {isa = PBXFileReference; fileEncoding = 4; lastKnownFileType = sourcecode.c.c; path = zip_name_locate.c; sourceTree = "<group>"; };
		A5717E671BCC742B0038244E /* zip_new.c */ = {isa = PBXFileReference; fileEncoding = 4; lastKnownFileType = sourcecode.c.c; path = zip_new.c; sourceTree = "<group>"; };
		A5717E681BCC742B0038244E /* zip_open.c */ = {isa = PBXFileReference; fileEncoding = 4; lastKnownFileType = sourcecode.c.c; path = zip_open.c; sourceTree = "<group>"; };
		A5717E691BCC742B0038244E /* zip_rename.c */ = {isa = PBXFileReference; fileEncoding = 4; lastKnownFileType = sourcecode.c.c; path = zip_rename.c; sourceTree = "<group>"; };
		A5717E6A1BCC742B0038244E /* zip_replace.c */ = {isa = PBXFileReference; fileEncoding = 4; lastKnownFileType = sourcecode.c.c; path = zip_replace.c; sourceTree = "<group>"; };
		A5717E6B1BCC742B0038244E /* zip_set_archive_comment.c */ = {isa = PBXFileReference; fileEncoding = 4; lastKnownFileType = sourcecode.c.c; path = zip_set_archive_comment.c; sourceTree = "<group>"; };
		A5717E6C1BCC742B0038244E /* zip_set_archive_flag.c */ = {isa = PBXFileReference; fileEncoding = 4; lastKnownFileType = sourcecode.c.c; path = zip_set_archive_flag.c; sourceTree = "<group>"; };
		A5717E6D1BCC742B0038244E /* zip_set_default_password.c */ = {isa = PBXFileReference; fileEncoding = 4; lastKnownFileType = sourcecode.c.c; path = zip_set_default_password.c; sourceTree = "<group>"; };
		A5717E6E1BCC742B0038244E /* zip_set_file_comment.c */ = {isa = PBXFileReference; fileEncoding = 4; lastKnownFileType = sourcecode.c.c; path = zip_set_file_comment.c; sourceTree = "<group>"; };
		A5717E6F1BCC742B0038244E /* zip_set_file_compression.c */ = {isa = PBXFileReference; fileEncoding = 4; lastKnownFileType = sourcecode.c.c; path = zip_set_file_compression.c; sourceTree = "<group>"; };
		A5717E701BCC742B0038244E /* zip_set_name.c */ = {isa = PBXFileReference; fileEncoding = 4; lastKnownFileType = sourcecode.c.c; path = zip_set_name.c; sourceTree = "<group>"; };
		A5717E711BCC742B0038244E /* zip_source_buffer.c */ = {isa = PBXFileReference; fileEncoding = 4; lastKnownFileType = sourcecode.c.c; path = zip_source_buffer.c; sourceTree = "<group>"; };
		A5717E721BCC742B0038244E /* zip_source_close.c */ = {isa = PBXFileReference; fileEncoding = 4; lastKnownFileType = sourcecode.c.c; path = zip_source_close.c; sourceTree = "<group>"; };
		A5717E731BCC742B0038244E /* zip_source_crc.c */ = {isa = PBXFileReference; fileEncoding = 4; lastKnownFileType = sourcecode.c.c; path = zip_source_crc.c; sourceTree = "<group>"; };
		A5717E741BCC742B0038244E /* zip_source_deflate.c */ = {isa = PBXFileReference; fileEncoding = 4; lastKnownFileType = sourcecode.c.c; path = zip_source_deflate.c; sourceTree = "<group>"; };
		A5717E751BCC742B0038244E /* zip_source_error.c */ = {isa = PBXFileReference; fileEncoding = 4; lastKnownFileType = sourcecode.c.c; path = zip_source_error.c; sourceTree = "<group>"; };
		A5717E761BCC742B0038244E /* zip_source_file.c */ = {isa = PBXFileReference; fileEncoding = 4; lastKnownFileType = sourcecode.c.c; path = zip_source_file.c; sourceTree = "<group>"; };
		A5717E771BCC742B0038244E /* zip_source_filep.c */ = {isa = PBXFileReference; fileEncoding = 4; lastKnownFileType = sourcecode.c.c; path = zip_source_filep.c; sourceTree = "<group>"; };
		A5717E781BCC742B0038244E /* zip_source_free.c */ = {isa = PBXFileReference; fileEncoding = 4; lastKnownFileType = sourcecode.c.c; path = zip_source_free.c; sourceTree = "<group>"; };
		A5717E791BCC742B0038244E /* zip_source_function.c */ = {isa = PBXFileReference; fileEncoding = 4; lastKnownFileType = sourcecode.c.c; path = zip_source_function.c; sourceTree = "<group>"; };
		A5717E7A1BCC742B0038244E /* zip_source_layered.c */ = {isa = PBXFileReference; fileEncoding = 4; lastKnownFileType = sourcecode.c.c; path = zip_source_layered.c; sourceTree = "<group>"; };
		A5717E7B1BCC742B0038244E /* zip_source_open.c */ = {isa = PBXFileReference; fileEncoding = 4; lastKnownFileType = sourcecode.c.c; path = zip_source_open.c; sourceTree = "<group>"; };
		A5717E7C1BCC742B0038244E /* zip_source_pkware.c */ = {isa = PBXFileReference; fileEncoding = 4; lastKnownFileType = sourcecode.c.c; path = zip_source_pkware.c; sourceTree = "<group>"; };
		A5717E7D1BCC742B0038244E /* zip_source_pop.c */ = {isa = PBXFileReference; fileEncoding = 4; lastKnownFileType = sourcecode.c.c; path = zip_source_pop.c; sourceTree = "<group>"; };
		A5717E7E1BCC742B0038244E /* zip_source_read.c */ = {isa = PBXFileReference; fileEncoding = 4; lastKnownFileType = sourcecode.c.c; path = zip_source_read.c; sourceTree = "<group>"; };
		A5717E7F1BCC742B0038244E /* zip_source_stat.c */ = {isa = PBXFileReference; fileEncoding = 4; lastKnownFileType = sourcecode.c.c; path = zip_source_stat.c; sourceTree = "<group>"; };
		A5717E801BCC742B0038244E /* zip_source_window.c */ = {isa = PBXFileReference; fileEncoding = 4; lastKnownFileType = sourcecode.c.c; path = zip_source_window.c; sourceTree = "<group>"; };
		A5717E811BCC742B0038244E /* zip_source_zip.c */ = {isa = PBXFileReference; fileEncoding = 4; lastKnownFileType = sourcecode.c.c; path = zip_source_zip.c; sourceTree = "<group>"; };
		A5717E821BCC742B0038244E /* zip_source_zip_new.c */ = {isa = PBXFileReference; fileEncoding = 4; lastKnownFileType = sourcecode.c.c; path = zip_source_zip_new.c; sourceTree = "<group>"; };
		A5717E831BCC742B0038244E /* zip_stat.c */ = {isa = PBXFileReference; fileEncoding = 4; lastKnownFileType = sourcecode.c.c; path = zip_stat.c; sourceTree = "<group>"; };
		A5717E841BCC742B0038244E /* zip_stat_index.c */ = {isa = PBXFileReference; fileEncoding = 4; lastKnownFileType = sourcecode.c.c; path = zip_stat_index.c; sourceTree = "<group>"; };
		A5717E851BCC742B0038244E /* zip_stat_init.c */ = {isa = PBXFileReference; fileEncoding = 4; lastKnownFileType = sourcecode.c.c; path = zip_stat_init.c; sourceTree = "<group>"; };
		A5717E861BCC742B0038244E /* zip_strerror.c */ = {isa = PBXFileReference; fileEncoding = 4; lastKnownFileType = sourcecode.c.c; path = zip_strerror.c; sourceTree = "<group>"; };
		A5717E871BCC742B0038244E /* zip_string.c */ = {isa = PBXFileReference; fileEncoding = 4; lastKnownFileType = sourcecode.c.c; path = zip_string.c; sourceTree = "<group>"; };
		A5717E881BCC742B0038244E /* zip_unchange.c */ = {isa = PBXFileReference; fileEncoding = 4; lastKnownFileType = sourcecode.c.c; path = zip_unchange.c; sourceTree = "<group>"; };
		A5717E891BCC742B0038244E /* zip_unchange_all.c */ = {isa = PBXFileReference; fileEncoding = 4; lastKnownFileType = sourcecode.c.c; path = zip_unchange_all.c; sourceTree = "<group>"; };
		A5717E8A1BCC742B0038244E /* zip_unchange_archive.c */ = {isa = PBXFileReference; fileEncoding = 4; lastKnownFileType = sourcecode.c.c; path = zip_unchange_archive.c; sourceTree = "<group>"; };
		A5717E8B1BCC742B0038244E /* zip_unchange_data.c */ = {isa = PBXFileReference; fileEncoding = 4; lastKnownFileType = sourcecode.c.c; path = zip_unchange_data.c; sourceTree = "<group>"; };
		A5717E8C1BCC742B0038244E /* zip_utf-8.c */ = {isa = PBXFileReference; fileEncoding = 4; lastKnownFileType = sourcecode.c.c; path = "zip_utf-8.c"; sourceTree = "<group>"; };
		A5717E8D1BCC742B0038244E /* zipconf.h */ = {isa = PBXFileReference; fileEncoding = 4; lastKnownFileType = sourcecode.c.h; path = zipconf.h; sourceTree = "<group>"; };
		A5717E8E1BCC742B0038244E /* zipint.h */ = {isa = PBXFileReference; fileEncoding = 4; lastKnownFileType = sourcecode.c.h; path = zipint.h; sourceTree = "<group>"; };
		A5717E8F1BCC742B0038244E /* LICENSE.md */ = {isa = PBXFileReference; fileEncoding = 4; lastKnownFileType = net.daringfireball.markdown; path = LICENSE.md; sourceTree = SOURCE_ROOT; };
		A5717E901BCC742B0038244E /* README.md */ = {isa = PBXFileReference; fileEncoding = 4; lastKnownFileType = net.daringfireball.markdown; path = README.md; sourceTree = SOURCE_ROOT; };
/* End PBXFileReference section */

/* Begin PBXFrameworksBuildPhase section */
		A5717D491BC886940038244E /* Frameworks */ = {
			isa = PBXFrameworksBuildPhase;
			buildActionMask = 2147483647;
			files = (
				A5717E211BC8CC620038244E /* libz.tbd in Frameworks */,
			);
			runOnlyForDeploymentPostprocessing = 0;
		};
/* End PBXFrameworksBuildPhase section */

/* Begin PBXGroup section */
		A5717D431BC886940038244E = {
			isa = PBXGroup;
			children = (
				A5717D4E1BC886940038244E /* ACZipExample */,
				A5717D4D1BC886940038244E /* Products */,
			);
			sourceTree = "<group>";
		};
		A5717D4D1BC886940038244E /* Products */ = {
			isa = PBXGroup;
			children = (
				A5717D4C1BC886940038244E /* ACZipExample.app */,
			);
			name = Products;
			sourceTree = "<group>";
		};
		A5717D4E1BC886940038244E /* ACZipExample */ = {
			isa = PBXGroup;
			children = (
				A5717D521BC886940038244E /* AppDelegate.h */,
				A5717D531BC886940038244E /* AppDelegate.m */,
				A5717D551BC886940038244E /* ViewController.h */,
				A5717D561BC886940038244E /* ViewController.m */,
				A5717E8F1BCC742B0038244E /* LICENSE.md */,
				A5717E901BCC742B0038244E /* README.md */,
				A5717D5B1BC886940038244E /* Assets.xcassets */,
				A5717D5D1BC886940038244E /* LaunchScreen.storyboard */,
				A5717D601BC886940038244E /* Info.plist */,
				A5717E2E1BCC742B0038244E /* ACZip */,
				A5717D4F1BC886940038244E /* Supporting Files */,
				A5717E1F1BC8CC380038244E /* Frameworks */,
			);
			path = ACZipExample;
			sourceTree = "<group>";
		};
		A5717D4F1BC886940038244E /* Supporting Files */ = {
			isa = PBXGroup;
			children = (
				A5717E241BCC5ACF0038244E /* san_jose.jpg */,
				A5717E261BCC68630038244E /* sacramento_new_img.jpg */,
				A5717E221BCAAA0B0038244E /* california.zip */,
				A5717D501BC886940038244E /* main.m */,
			);
			name = "Supporting Files";
			sourceTree = "<group>";
		};
		A5717E1F1BC8CC380038244E /* Frameworks */ = {
			isa = PBXGroup;
			children = (
				A5717E201BC8CC620038244E /* libz.tbd */,
			);
			name = Frameworks;
			sourceTree = "<group>";
		};
		A5717E2E1BCC742B0038244E /* ACZip */ = {
			isa = PBXGroup;
			children = (
				A5717E2F1BCC742B0038244E /* ACZip.h */,
				A5717E301BCC742B0038244E /* ACZip.m */,
				A5717E311BCC742B0038244E /* ACZipDefs.h */,
				A5717E321BCC742B0038244E /* ACZippedFileInfo.h */,
				A5717E331BCC742B0038244E /* ACZippedFileInfo.m */,
				A5717E341BCC742B0038244E /* ARCHelper */,
				A5717E361BCC742B0038244E /* libzip */,
			);
			path = ACZip;
			sourceTree = SOURCE_ROOT;
		};
		A5717E341BCC742B0038244E /* ARCHelper */ = {
			isa = PBXGroup;
			children = (
				A5717E351BCC742B0038244E /* ARCHelper.h */,
			);
			path = ARCHelper;
			sourceTree = "<group>";
		};
		A5717E361BCC742B0038244E /* libzip */ = {
			isa = PBXGroup;
			children = (
				A5717E371BCC742B0038244E /* config.h */,
				A5717E381BCC742B0038244E /* mkstemp.c */,
				A5717E391BCC742B0038244E /* zip.h */,
				A5717E3A1BCC742B0038244E /* zip_add.c */,
				A5717E3B1BCC742B0038244E /* zip_add_dir.c */,
				A5717E3C1BCC742B0038244E /* zip_add_entry.c */,
				A5717E3D1BCC742B0038244E /* zip_close.c */,
				A5717E3E1BCC742B0038244E /* zip_delete.c */,
				A5717E3F1BCC742B0038244E /* zip_dir_add.c */,
				A5717E401BCC742B0038244E /* zip_dirent.c */,
				A5717E411BCC742B0038244E /* zip_discard.c */,
				A5717E421BCC742B0038244E /* zip_entry.c */,
				A5717E431BCC742B0038244E /* zip_err_str.c */,
				A5717E441BCC742B0038244E /* zip_error.c */,
				A5717E451BCC742B0038244E /* zip_error_clear.c */,
				A5717E461BCC742B0038244E /* zip_error_get.c */,
				A5717E471BCC742B0038244E /* zip_error_get_sys_type.c */,
				A5717E481BCC742B0038244E /* zip_error_strerror.c */,
				A5717E491BCC742B0038244E /* zip_error_to_str.c */,
				A5717E4A1BCC742B0038244E /* zip_extra_field.c */,
				A5717E4B1BCC742B0038244E /* zip_extra_field_api.c */,
				A5717E4C1BCC742B0038244E /* zip_fclose.c */,
				A5717E4D1BCC742B0038244E /* zip_fdopen.c */,
				A5717E4E1BCC742B0038244E /* zip_file_add.c */,
				A5717E4F1BCC742B0038244E /* zip_file_error_clear.c */,
				A5717E501BCC742B0038244E /* zip_file_error_get.c */,
				A5717E511BCC742B0038244E /* zip_file_get_comment.c */,
				A5717E521BCC742B0038244E /* zip_file_get_offset.c */,
				A5717E531BCC742B0038244E /* zip_file_rename.c */,
				A5717E541BCC742B0038244E /* zip_file_replace.c */,
				A5717E551BCC742B0038244E /* zip_file_set_comment.c */,
				A5717E561BCC742B0038244E /* zip_file_strerror.c */,
				A5717E571BCC742B0038244E /* zip_filerange_crc.c */,
				A5717E581BCC742B0038244E /* zip_fopen.c */,
				A5717E591BCC742B0038244E /* zip_fopen_encrypted.c */,
				A5717E5A1BCC742B0038244E /* zip_fopen_index.c */,
				A5717E5B1BCC742B0038244E /* zip_fopen_index_encrypted.c */,
				A5717E5C1BCC742B0038244E /* zip_fread.c */,
				A5717E5D1BCC742B0038244E /* zip_get_archive_comment.c */,
				A5717E5E1BCC742B0038244E /* zip_get_archive_flag.c */,
				A5717E5F1BCC742B0038244E /* zip_get_compression_implementation.c */,
				A5717E601BCC742B0038244E /* zip_get_encryption_implementation.c */,
				A5717E611BCC742B0038244E /* zip_get_file_comment.c */,
				A5717E621BCC742B0038244E /* zip_get_name.c */,
				A5717E631BCC742B0038244E /* zip_get_num_entries.c */,
				A5717E641BCC742B0038244E /* zip_get_num_files.c */,
				A5717E651BCC742B0038244E /* zip_memdup.c */,
				A5717E661BCC742B0038244E /* zip_name_locate.c */,
				A5717E671BCC742B0038244E /* zip_new.c */,
				A5717E681BCC742B0038244E /* zip_open.c */,
				A5717E691BCC742B0038244E /* zip_rename.c */,
				A5717E6A1BCC742B0038244E /* zip_replace.c */,
				A5717E6B1BCC742B0038244E /* zip_set_archive_comment.c */,
				A5717E6C1BCC742B0038244E /* zip_set_archive_flag.c */,
				A5717E6D1BCC742B0038244E /* zip_set_default_password.c */,
				A5717E6E1BCC742B0038244E /* zip_set_file_comment.c */,
				A5717E6F1BCC742B0038244E /* zip_set_file_compression.c */,
				A5717E701BCC742B0038244E /* zip_set_name.c */,
				A5717E711BCC742B0038244E /* zip_source_buffer.c */,
				A5717E721BCC742B0038244E /* zip_source_close.c */,
				A5717E731BCC742B0038244E /* zip_source_crc.c */,
				A5717E741BCC742B0038244E /* zip_source_deflate.c */,
				A5717E751BCC742B0038244E /* zip_source_error.c */,
				A5717E761BCC742B0038244E /* zip_source_file.c */,
				A5717E771BCC742B0038244E /* zip_source_filep.c */,
				A5717E781BCC742B0038244E /* zip_source_free.c */,
				A5717E791BCC742B0038244E /* zip_source_function.c */,
				A5717E7A1BCC742B0038244E /* zip_source_layered.c */,
				A5717E7B1BCC742B0038244E /* zip_source_open.c */,
				A5717E7C1BCC742B0038244E /* zip_source_pkware.c */,
				A5717E7D1BCC742B0038244E /* zip_source_pop.c */,
				A5717E7E1BCC742B0038244E /* zip_source_read.c */,
				A5717E7F1BCC742B0038244E /* zip_source_stat.c */,
				A5717E801BCC742B0038244E /* zip_source_window.c */,
				A5717E811BCC742B0038244E /* zip_source_zip.c */,
				A5717E821BCC742B0038244E /* zip_source_zip_new.c */,
				A5717E831BCC742B0038244E /* zip_stat.c */,
				A5717E841BCC742B0038244E /* zip_stat_index.c */,
				A5717E851BCC742B0038244E /* zip_stat_init.c */,
				A5717E861BCC742B0038244E /* zip_strerror.c */,
				A5717E871BCC742B0038244E /* zip_string.c */,
				A5717E881BCC742B0038244E /* zip_unchange.c */,
				A5717E891BCC742B0038244E /* zip_unchange_all.c */,
				A5717E8A1BCC742B0038244E /* zip_unchange_archive.c */,
				A5717E8B1BCC742B0038244E /* zip_unchange_data.c */,
				A5717E8C1BCC742B0038244E /* zip_utf-8.c */,
				A5717E8D1BCC742B0038244E /* zipconf.h */,
				A5717E8E1BCC742B0038244E /* zipint.h */,
			);
			path = libzip;
			sourceTree = "<group>";
		};
/* End PBXGroup section */

/* Begin PBXNativeTarget section */
		A5717D4B1BC886940038244E /* ACZipExample */ = {
			isa = PBXNativeTarget;
			buildConfigurationList = A5717D631BC886940038244E /* Build configuration list for PBXNativeTarget "ACZipExample" */;
			buildPhases = (
				A5717D481BC886940038244E /* Sources */,
				A5717D491BC886940038244E /* Frameworks */,
				A5717D4A1BC886940038244E /* Resources */,
			);
			buildRules = (
			);
			dependencies = (
			);
			name = ACZipExample;
			productName = ACZipExample;
			productReference = A5717D4C1BC886940038244E /* ACZipExample.app */;
			productType = "com.apple.product-type.application";
		};
/* End PBXNativeTarget section */

/* Begin PBXProject section */
		A5717D441BC886940038244E /* Project object */ = {
			isa = PBXProject;
			attributes = {
				LastUpgradeCheck = 0700;
				ORGANIZATIONNAME = "Alejandro David Cotilla Rojas";
				TargetAttributes = {
					A5717D4B1BC886940038244E = {
						CreatedOnToolsVersion = 7.0.1;
					};
				};
			};
			buildConfigurationList = A5717D471BC886940038244E /* Build configuration list for PBXProject "ACZipExample" */;
			compatibilityVersion = "Xcode 3.2";
			developmentRegion = English;
			hasScannedForEncodings = 0;
			knownRegions = (
				en,
				Base,
			);
			mainGroup = A5717D431BC886940038244E;
			productRefGroup = A5717D4D1BC886940038244E /* Products */;
			projectDirPath = "";
			projectRoot = "";
			targets = (
				A5717D4B1BC886940038244E /* ACZipExample */,
			);
		};
/* End PBXProject section */

/* Begin PBXResourcesBuildPhase section */
		A5717D4A1BC886940038244E /* Resources */ = {
			isa = PBXResourcesBuildPhase;
			buildActionMask = 2147483647;
			files = (
				A5717E271BCC68630038244E /* sacramento_new_img.jpg in Resources */,
				A5717D5F1BC886940038244E /* LaunchScreen.storyboard in Resources */,
				A5717E251BCC5ACF0038244E /* san_jose.jpg in Resources */,
				A5717D5C1BC886940038244E /* Assets.xcassets in Resources */,
				A5717E231BCAAA0B0038244E /* california.zip in Resources */,
			);
			runOnlyForDeploymentPostprocessing = 0;
		};
/* End PBXResourcesBuildPhase section */

/* Begin PBXSourcesBuildPhase section */
		A5717D481BC886940038244E /* Sources */ = {
			isa = PBXSourcesBuildPhase;
			buildActionMask = 2147483647;
			files = (
				A5717EAE1BCC742B0038244E /* zip_file_replace.c in Sources */,
				A5717ED11BCC742B0038244E /* zip_source_filep.c in Sources */,
				A5717EE01BCC742B0038244E /* zip_strerror.c in Sources */,
				A5717EB31BCC742B0038244E /* zip_fopen_encrypted.c in Sources */,
				A5717EE21BCC742B0038244E /* zip_unchange.c in Sources */,
				A5717EBC1BCC742B0038244E /* zip_get_name.c in Sources */,
				A5717ED91BCC742B0038244E /* zip_source_stat.c in Sources */,
				A5717E9F1BCC742B0038244E /* zip_error_clear.c in Sources */,
				A5717D571BC886940038244E /* ViewController.m in Sources */,
				A5717E9D1BCC742B0038244E /* zip_err_str.c in Sources */,
				A5717EDC1BCC742B0038244E /* zip_source_zip_new.c in Sources */,
				A5717E911BCC742B0038244E /* ACZip.m in Sources */,
				A5717EAA1BCC742B0038244E /* zip_file_error_get.c in Sources */,
				A5717E971BCC742B0038244E /* zip_close.c in Sources */,
				A5717ED81BCC742B0038244E /* zip_source_read.c in Sources */,
				A5717EA01BCC742B0038244E /* zip_error_get.c in Sources */,
				A5717EC81BCC742B0038244E /* zip_set_file_comment.c in Sources */,
				A5717EAF1BCC742B0038244E /* zip_file_set_comment.c in Sources */,
				A5717ED61BCC742B0038244E /* zip_source_pkware.c in Sources */,
				A5717E991BCC742B0038244E /* zip_dir_add.c in Sources */,
				A5717EB81BCC742B0038244E /* zip_get_archive_flag.c in Sources */,
				A5717EB01BCC742B0038244E /* zip_file_strerror.c in Sources */,
				A5717EB41BCC742B0038244E /* zip_fopen_index.c in Sources */,
				A5717EA81BCC742B0038244E /* zip_file_add.c in Sources */,
				A5717E9E1BCC742B0038244E /* zip_error.c in Sources */,
				A5717EDB1BCC742B0038244E /* zip_source_zip.c in Sources */,
				A5717EC41BCC742B0038244E /* zip_replace.c in Sources */,
				A5717EAC1BCC742B0038244E /* zip_file_get_offset.c in Sources */,
				A5717EB11BCC742B0038244E /* zip_filerange_crc.c in Sources */,
				A5717EDE1BCC742B0038244E /* zip_stat_index.c in Sources */,
				A5717EC21BCC742B0038244E /* zip_open.c in Sources */,
				A5717EAD1BCC742B0038244E /* zip_file_rename.c in Sources */,
				A5717EC61BCC742B0038244E /* zip_set_archive_flag.c in Sources */,
				A5717ED21BCC742B0038244E /* zip_source_free.c in Sources */,
				A5717EBA1BCC742B0038244E /* zip_get_encryption_implementation.c in Sources */,
				A5717EE11BCC742B0038244E /* zip_string.c in Sources */,
				A5717EDA1BCC742B0038244E /* zip_source_window.c in Sources */,
				A5717ECE1BCC742B0038244E /* zip_source_deflate.c in Sources */,
				A5717EB51BCC742B0038244E /* zip_fopen_index_encrypted.c in Sources */,
				A5717EE41BCC742B0038244E /* zip_unchange_archive.c in Sources */,
				A5717EB21BCC742B0038244E /* zip_fopen.c in Sources */,
				A5717ECA1BCC742B0038244E /* zip_set_name.c in Sources */,
				A5717EB91BCC742B0038244E /* zip_get_compression_implementation.c in Sources */,
				A5717EAB1BCC742B0038244E /* zip_file_get_comment.c in Sources */,
				A5717EBE1BCC742B0038244E /* zip_get_num_files.c in Sources */,
				A5717ED31BCC742B0038244E /* zip_source_function.c in Sources */,
				A5717EDD1BCC742B0038244E /* zip_stat.c in Sources */,
				A5717EA51BCC742B0038244E /* zip_extra_field_api.c in Sources */,
				A5717D541BC886940038244E /* AppDelegate.m in Sources */,
				A5717EC31BCC742B0038244E /* zip_rename.c in Sources */,
				A5717EA21BCC742B0038244E /* zip_error_strerror.c in Sources */,
				A5717EBF1BCC742B0038244E /* zip_memdup.c in Sources */,
				A5717ED01BCC742B0038244E /* zip_source_file.c in Sources */,
				A5717EA61BCC742B0038244E /* zip_fclose.c in Sources */,
				A5717E9A1BCC742B0038244E /* zip_dirent.c in Sources */,
				A5717ECB1BCC742B0038244E /* zip_source_buffer.c in Sources */,
				A5717EC01BCC742B0038244E /* zip_name_locate.c in Sources */,
				A5717EC71BCC742B0038244E /* zip_set_default_password.c in Sources */,
				A5717ED51BCC742B0038244E /* zip_source_open.c in Sources */,
				A5717E921BCC742B0038244E /* ACZippedFileInfo.m in Sources */,
				A5717EC11BCC742B0038244E /* zip_new.c in Sources */,
				A5717ECC1BCC742B0038244E /* zip_source_close.c in Sources */,
				A5717EBB1BCC742B0038244E /* zip_get_file_comment.c in Sources */,
				A5717EBD1BCC742B0038244E /* zip_get_num_entries.c in Sources */,
				A5717EB61BCC742B0038244E /* zip_fread.c in Sources */,
				A5717D511BC886940038244E /* main.m in Sources */,
				A5717EC91BCC742B0038244E /* zip_set_file_compression.c in Sources */,
				A5717EA71BCC742B0038244E /* zip_fdopen.c in Sources */,
				A5717EC51BCC742B0038244E /* zip_set_archive_comment.c in Sources */,
				A5717E9C1BCC742B0038244E /* zip_entry.c in Sources */,
				A5717EB71BCC742B0038244E /* zip_get_archive_comment.c in Sources */,
				A5717E981BCC742B0038244E /* zip_delete.c in Sources */,
				A5717E941BCC742B0038244E /* zip_add.c in Sources */,
				A5717EDF1BCC742B0038244E /* zip_stat_init.c in Sources */,
				A5717ED71BCC742B0038244E /* zip_source_pop.c in Sources */,
				A5717ED41BCC742B0038244E /* zip_source_layered.c in Sources */,
				A5717EA91BCC742B0038244E /* zip_file_error_clear.c in Sources */,
				A5717E9B1BCC742B0038244E /* zip_discard.c in Sources */,
				A5717EA31BCC742B0038244E /* zip_error_to_str.c in Sources */,
				A5717E961BCC742B0038244E /* zip_add_entry.c in Sources */,
				A5717EE51BCC742B0038244E /* zip_unchange_data.c in Sources */,
				A5717EE61BCC742B0038244E /* zip_utf-8.c in Sources */,
				A5717ECD1BCC742B0038244E /* zip_source_crc.c in Sources */,
				A5717E931BCC742B0038244E /* mkstemp.c in Sources */,
				A5717E951BCC742B0038244E /* zip_add_dir.c in Sources */,
				A5717EA11BCC742B0038244E /* zip_error_get_sys_type.c in Sources */,
				A5717EA41BCC742B0038244E /* zip_extra_field.c in Sources */,
				A5717EE31BCC742B0038244E /* zip_unchange_all.c in Sources */,
				A5717ECF1BCC742B0038244E /* zip_source_error.c in Sources */,
			);
			runOnlyForDeploymentPostprocessing = 0;
		};
/* End PBXSourcesBuildPhase section */

/* Begin PBXVariantGroup section */
		A5717D5D1BC886940038244E /* LaunchScreen.storyboard */ = {
			isa = PBXVariantGroup;
			children = (
				A5717D5E1BC886940038244E /* Base */,
			);
			name = LaunchScreen.storyboard;
			sourceTree = "<group>";
		};
/* End PBXVariantGroup section */

/* Begin XCBuildConfiguration section */
		A5717D611BC886940038244E /* Debug */ = {
			isa = XCBuildConfiguration;
			buildSettings = {
				ALWAYS_SEARCH_USER_PATHS = NO;
				CLANG_CXX_LANGUAGE_STANDARD = "gnu++0x";
				CLANG_CXX_LIBRARY = "libc++";
				CLANG_ENABLE_MODULES = YES;
				CLANG_ENABLE_OBJC_ARC = YES;
				CLANG_WARN_BOOL_CONVERSION = YES;
				CLANG_WARN_CONSTANT_CONVERSION = YES;
				CLANG_WARN_DIRECT_OBJC_ISA_USAGE = YES_ERROR;
				CLANG_WARN_EMPTY_BODY = YES;
				CLANG_WARN_ENUM_CONVERSION = YES;
				CLANG_WARN_INT_CONVERSION = YES;
				CLANG_WARN_OBJC_ROOT_CLASS = YES_ERROR;
				CLANG_WARN_UNREACHABLE_CODE = YES;
				CLANG_WARN__DUPLICATE_METHOD_MATCH = YES;
				"CODE_SIGN_IDENTITY[sdk=iphoneos*]" = "iPhone Developer";
				COPY_PHASE_STRIP = NO;
				DEBUG_INFORMATION_FORMAT = dwarf;
				ENABLE_STRICT_OBJC_MSGSEND = YES;
				ENABLE_TESTABILITY = YES;
				GCC_C_LANGUAGE_STANDARD = gnu99;
				GCC_DYNAMIC_NO_PIC = NO;
				GCC_NO_COMMON_BLOCKS = YES;
				GCC_OPTIMIZATION_LEVEL = 0;
				GCC_PREPROCESSOR_DEFINITIONS = (
					"DEBUG=1",
					"$(inherited)",
				);
				GCC_WARN_64_TO_32_BIT_CONVERSION = YES;
				GCC_WARN_ABOUT_RETURN_TYPE = YES_ERROR;
				GCC_WARN_UNDECLARED_SELECTOR = YES;
				GCC_WARN_UNINITIALIZED_AUTOS = YES_AGGRESSIVE;
				GCC_WARN_UNUSED_FUNCTION = YES;
				GCC_WARN_UNUSED_VARIABLE = YES;
				IPHONEOS_DEPLOYMENT_TARGET = 9.0;
				MTL_ENABLE_DEBUG_INFO = YES;
				ONLY_ACTIVE_ARCH = YES;
				SDKROOT = iphoneos;
				TARGETED_DEVICE_FAMILY = "1,2";
			};
			name = Debug;
		};
		A5717D621BC886940038244E /* Release */ = {
			isa = XCBuildConfiguration;
			buildSettings = {
				ALWAYS_SEARCH_USER_PATHS = NO;
				CLANG_CXX_LANGUAGE_STANDARD = "gnu++0x";
				CLANG_CXX_LIBRARY = "libc++";
				CLANG_ENABLE_MODULES = YES;
				CLANG_ENABLE_OBJC_ARC = YES;
				CLANG_WARN_BOOL_CONVERSION = YES;
				CLANG_WARN_CONSTANT_CONVERSION = YES;
				CLANG_WARN_DIRECT_OBJC_ISA_USAGE = YES_ERROR;
				CLANG_WARN_EMPTY_BODY = YES;
				CLANG_WARN_ENUM_CONVERSION = YES;
				CLANG_WARN_INT_CONVERSION = YES;
				CLANG_WARN_OBJC_ROOT_CLASS = YES_ERROR;
				CLANG_WARN_UNREACHABLE_CODE = YES;
				CLANG_WARN__DUPLICATE_METHOD_MATCH = YES;
				"CODE_SIGN_IDENTITY[sdk=iphoneos*]" = "iPhone Developer";
				COPY_PHASE_STRIP = NO;
				DEBUG_INFORMATION_FORMAT = "dwarf-with-dsym";
				ENABLE_NS_ASSERTIONS = NO;
				ENABLE_STRICT_OBJC_MSGSEND = YES;
				GCC_C_LANGUAGE_STANDARD = gnu99;
				GCC_NO_COMMON_BLOCKS = YES;
				GCC_WARN_64_TO_32_BIT_CONVERSION = YES;
				GCC_WARN_ABOUT_RETURN_TYPE = YES_ERROR;
				GCC_WARN_UNDECLARED_SELECTOR = YES;
				GCC_WARN_UNINITIALIZED_AUTOS = YES_AGGRESSIVE;
				GCC_WARN_UNUSED_FUNCTION = YES;
				GCC_WARN_UNUSED_VARIABLE = YES;
				IPHONEOS_DEPLOYMENT_TARGET = 9.0;
				MTL_ENABLE_DEBUG_INFO = NO;
				SDKROOT = iphoneos;
				TARGETED_DEVICE_FAMILY = "1,2";
				VALIDATE_PRODUCT = YES;
			};
			name = Release;
		};
		A5717D641BC886940038244E /* Debug */ = {
			isa = XCBuildConfiguration;
			buildSettings = {
				ASSETCATALOG_COMPILER_APPICON_NAME = AppIcon;
				INFOPLIST_FILE = ACZipExample/Info.plist;
				LD_RUNPATH_SEARCH_PATHS = "$(inherited) @executable_path/Frameworks";
				PRODUCT_BUNDLE_IDENTIFIER = com.spissa.ACZipExample;
				PRODUCT_NAME = "$(TARGET_NAME)";
			};
			name = Debug;
		};
		A5717D651BC886940038244E /* Release */ = {
			isa = XCBuildConfiguration;
			buildSettings = {
				ASSETCATALOG_COMPILER_APPICON_NAME = AppIcon;
				INFOPLIST_FILE = ACZipExample/Info.plist;
				LD_RUNPATH_SEARCH_PATHS = "$(inherited) @executable_path/Frameworks";
				PRODUCT_BUNDLE_IDENTIFIER = com.spissa.ACZipExample;
				PRODUCT_NAME = "$(TARGET_NAME)";
			};
			name = Release;
		};
/* End XCBuildConfiguration section */

/* Begin XCConfigurationList section */
		A5717D471BC886940038244E /* Build configuration list for PBXProject "ACZipExample" */ = {
			isa = XCConfigurationList;
			buildConfigurations = (
				A5717D611BC886940038244E /* Debug */,
				A5717D621BC886940038244E /* Release */,
			);
			defaultConfigurationIsVisible = 0;
			defaultConfigurationName = Release;
		};
		A5717D631BC886940038244E /* Build configuration list for PBXNativeTarget "ACZipExample" */ = {
			isa = XCConfigurationList;
			buildConfigurations = (
				A5717D641BC886940038244E /* Debug */,
				A5717D651BC886940038244E /* Release */,
			);
			defaultConfigurationIsVisible = 0;
			defaultConfigurationName = Release;
		};
/* End XCConfigurationList section */
	};
	rootObject = A5717D441BC886940038244E /* Project object */;
}
